
Microsoft Visual Studio Solution File, Format Version 12.00
# Visual Studio Version 16
VisualStudioVersion = 16.0.31205.134
MinimumVisualStudioVersion = 10.0.40219.1
Project("{FAE04EC0-301F-11D3-BF4B-00C04F79EFBC}") = "01-ByteBank", "01-ByteBank\01-ByteBank.csproj", "{09005033-3693-448B-A338-EC62674B23D9}"
EndProject
Project("{FAE04EC0-301F-11D3-BF4B-00C04F79EFBC}") = "02-ByteBank", "02-ByteBank\02-ByteBank.csproj", "{F77FAA93-F28B-441E-9C63-8490A62BAAF2}"
EndProject
Project("{FAE04EC0-301F-11D3-BF4B-00C04F79EFBC}") = "03-ByteBank", "03-ByteBank\03-ByteBank.csproj", "{98E7F79B-DCFB-4153-B270-8CE6CA2B4E78}"
EndProject
Project("{FAE04EC0-301F-11D3-BF4B-00C04F79EFBC}") = "04-ByteBank", "04-ByteBank\04-ByteBank.csproj", "{1360BCD1-0BB0-400D-BD2E-8A280F5C56EA}"
EndProject
Project("{FAE04EC0-301F-11D3-BF4B-00C04F79EFBC}") = "05-ByteBank", "05-ByteBank\05-ByteBank.csproj", "{39B12482-8142-4011-862E-1F63A4D69AB9}"
EndProject
Project("{FAE04EC0-301F-11D3-BF4B-00C04F79EFBC}") = "06-ByteBank", "06-ByteBank\06-ByteBank.csproj", "{A17AE881-CF81-4C7B-A7B3-43ADEB0CCA73}"
EndProject
Project("{FAE04EC0-301F-11D3-BF4B-00C04F79EFBC}") = "07-ByteBank", "07-ByteBank\07-ByteBank.csproj", "{E5DF1995-539C-4F9E-8538-2A09C2724D1A}"
EndProject
Global
	GlobalSection(SolutionConfigurationPlatforms) = preSolution
		Debug|Any CPU = Debug|Any CPU
		Release|Any CPU = Release|Any CPU
	EndGlobalSection
	GlobalSection(ProjectConfigurationPlatforms) = postSolution
		{09005033-3693-448B-A338-EC62674B23D9}.Debug|Any CPU.ActiveCfg = Debug|Any CPU
		{09005033-3693-448B-A338-EC62674B23D9}.Debug|Any CPU.Build.0 = Debug|Any CPU
		{09005033-3693-448B-A338-EC62674B23D9}.Release|Any CPU.ActiveCfg = Release|Any CPU
		{09005033-3693-448B-A338-EC62674B23D9}.Release|Any CPU.Build.0 = Release|Any CPU
		{F77FAA93-F28B-441E-9C63-8490A62BAAF2}.Debug|Any CPU.ActiveCfg = Debug|Any CPU
		{F77FAA93-F28B-441E-9C63-8490A62BAAF2}.Debug|Any CPU.Build.0 = Debug|Any CPU
		{F77FAA93-F28B-441E-9C63-8490A62BAAF2}.Release|Any CPU.ActiveCfg = Release|Any CPU
		{F77FAA93-F28B-441E-9C63-8490A62BAAF2}.Release|Any CPU.Build.0 = Release|Any CPU
		{98E7F79B-DCFB-4153-B270-8CE6CA2B4E78}.Debug|Any CPU.ActiveCfg = Debug|Any CPU
		{98E7F79B-DCFB-4153-B270-8CE6CA2B4E78}.Debug|Any CPU.Build.0 = Debug|Any CPU
		{98E7F79B-DCFB-4153-B270-8CE6CA2B4E78}.Release|Any CPU.ActiveCfg = Release|Any CPU
		{98E7F79B-DCFB-4153-B270-8CE6CA2B4E78}.Release|Any CPU.Build.0 = Release|Any CPU
		{1360BCD1-0BB0-400D-BD2E-8A280F5C56EA}.Debug|Any CPU.ActiveCfg = Debug|Any CPU
		{1360BCD1-0BB0-400D-BD2E-8A280F5C56EA}.Debug|Any CPU.Build.0 = Debug|Any CPU
		{1360BCD1-0BB0-400D-BD2E-8A280F5C56EA}.Release|Any CPU.ActiveCfg = Release|Any CPU
		{1360BCD1-0BB0-400D-BD2E-8A280F5C56EA}.Release|Any CPU.Build.0 = Release|Any CPU
		{39B12482-8142-4011-862E-1F63A4D69AB9}.Debug|Any CPU.ActiveCfg = Debug|Any CPU
		{39B12482-8142-4011-862E-1F63A4D69AB9}.Debug|Any CPU.Build.0 = Debug|Any CPU
		{39B12482-8142-4011-862E-1F63A4D69AB9}.Release|Any CPU.ActiveCfg = Release|Any CPU
		{39B12482-8142-4011-862E-1F63A4D69AB9}.Release|Any CPU.Build.0 = Release|Any CPU
		{A17AE881-CF81-4C7B-A7B3-43ADEB0CCA73}.Debug|Any CPU.ActiveCfg = Debug|Any CPU
		{A17AE881-CF81-4C7B-A7B3-43ADEB0CCA73}.Debug|Any CPU.Build.0 = Debug|Any CPU
		{A17AE881-CF81-4C7B-A7B3-43ADEB0CCA73}.Release|Any CPU.ActiveCfg = Release|Any CPU
		{A17AE881-CF81-4C7B-A7B3-43ADEB0CCA73}.Release|Any CPU.Build.0 = Release|Any CPU
		{E5DF1995-539C-4F9E-8538-2A09C2724D1A}.Debug|Any CPU.ActiveCfg = Debug|Any CPU
		{E5DF1995-539C-4F9E-8538-2A09C2724D1A}.Debug|Any CPU.Build.0 = Debug|Any CPU
		{E5DF1995-539C-4F9E-8538-2A09C2724D1A}.Release|Any CPU.ActiveCfg = Release|Any CPU
		{E5DF1995-539C-4F9E-8538-2A09C2724D1A}.Release|Any CPU.Build.0 = Release|Any CPU
	EndGlobalSection
	GlobalSection(SolutionProperties) = preSolution
		HideSolutionNode = FALSE
	EndGlobalSection
	GlobalSection(ExtensibilityGlobals) = postSolution
		SolutionGuid = {FA054848-5EBF-4881-B5F4-4A7A9D9D77AD}
	EndGlobalSection
EndGlobal
